// !$*UTF8*$!
{
	archiveVersion = 1;
	classes = {
	};
	objectVersion = 56;
	objects = {

/* Begin PBXBuildFile section */
		10A0000A0000000000000001 /* MacchiatoApp.swift in Sources */ = {isa = PBXBuildFile; fileRef = 10A000010000000000000001 /* MacchiatoApp.swift */; };
		10A0000A0000000000000002 /* PowerManager.swift in Sources */ = {isa = PBXBuildFile; fileRef = 10A000010000000000000002 /* PowerManager.swift */; };
		10A0000A0000000000000003 /* MenuView.swift in Sources */ = {isa = PBXBuildFile; fileRef = 10A000010000000000000003 /* MenuView.swift */; };
		10A0000A0000000000000004 /* Assets.xcassets in Resources */ = {isa = PBXBuildFile; fileRef = 10A000010000000000000005 /* Assets.xcassets */; };
		10A0000A0000000000000007 /* BatteryMonitor.swift in Sources */ = {isa = PBXBuildFile; fileRef = 10A000010000000000000007 /* BatteryMonitor.swift */; };
		10A0000A0000000000000008 /* LidWatcher.swift in Sources */ = {isa = PBXBuildFile; fileRef = 10A000010000000000000008 /* LidWatcher.swift */; };
		20A0000A0000000000000001 /* PowerHelperClient.swift in Sources */ = {isa = PBXBuildFile; fileRef = 20A000010000000000000001 /* PowerHelperClient.swift */; };
		20A0000A0000000000000002 /* PowerHelperProtocol.swift in Sources */ = {isa = PBXBuildFile; fileRef = 20A000010000000000000002 /* PowerHelperProtocol.swift */; };
		20A0000A0000000000000003 /* PowerHelper.swift in Sources */ = {isa = PBXBuildFile; fileRef = 20A000010000000000000003 /* PowerHelper.swift */; };
		20A0000A0000000000000004 /* PowerHelperProtocol.swift in Sources */ = {isa = PBXBuildFile; fileRef = 20A000010000000000000002 /* PowerHelperProtocol.swift */; };
/* End PBXBuildFile section */

/* Begin PBXContainerItemProxy section */
		20A0000C0000000000000001 /* PBXContainerItemProxy */ = {
			isa = PBXContainerItemProxy;
			containerPortal = 10A000050000000000000001 /* Project object */;
			proxyType = 1;
			remoteGlobalIDString = 20A000040000000000000001;
			remoteInfo = "Macchiato Power Helper";
		};
/* End PBXContainerItemProxy section */

/* Begin PBXFileReference section */
		10A000010000000000000001 /* MacchiatoApp.swift */ = {isa = PBXFileReference; lastKnownFileType = sourcecode.swift; path = MacchiatoApp.swift; sourceTree = "<group>"; };
		10A000010000000000000002 /* PowerManager.swift */ = {isa = PBXFileReference; lastKnownFileType = sourcecode.swift; path = PowerManager.swift; sourceTree = "<group>"; };
		10A000010000000000000003 /* MenuView.swift */ = {isa = PBXFileReference; lastKnownFileType = sourcecode.swift; path = MenuView.swift; sourceTree = "<group>"; };
		10A000010000000000000004 /* Info.plist */ = {isa = PBXFileReference; lastKnownFileType = text.plist.xml; path = Info.plist; sourceTree = "<group>"; };
		10A000010000000000000005 /* Assets.xcassets */ = {isa = PBXFileReference; lastKnownFileType = folder.assetcatalog; path = Assets.xcassets; sourceTree = "<group>"; };
		10A000010000000000000007 /* BatteryMonitor.swift */ = {isa = PBXFileReference; lastKnownFileType = sourcecode.swift; path = BatteryMonitor.swift; sourceTree = "<group>"; };
		10A000010000000000000008 /* LidWatcher.swift */ = {isa = PBXFileReference; lastKnownFileType = sourcecode.swift; path = LidWatcher.swift; sourceTree = "<group>"; };
		10A000010000000000000006 /* Macchiato.app */ = {isa = PBXFileReference; explicitFileType = wrapper.application; includeInIndex = 0; path = Macchiato.app; sourceTree = BUILT_PRODUCTS_DIR; };
		20A000010000000000000001 /* PowerHelperClient.swift */ = {isa = PBXFileReference; lastKnownFileType = sourcecode.swift; path = PowerHelperClient.swift; sourceTree = "<group>"; };
		20A000010000000000000002 /* PowerHelperProtocol.swift */ = {isa = PBXFileReference; lastKnownFileType = sourcecode.swift; path = PowerHelperProtocol.swift; sourceTree = "<group>"; };
		20A000010000000000000003 /* PowerHelper.swift */ = {isa = PBXFileReference; lastKnownFileType = sourcecode.swift; path = PowerHelper.swift; sourceTree = "<group>"; };
		20A000010000000000000004 /* app.macchiato.Macchiato.PowerHelper.plist */ = {isa = PBXFileReference; lastKnownFileType = text.plist.xml; path = app.macchiato.Macchiato.PowerHelper.plist; sourceTree = "<group>"; };
		20A000010000000000000005 /* app.macchiato.Macchiato.PowerHelper */ = {isa = PBXFileReference; explicitFileType = "compiled.mach-o.executable"; includeInIndex = 0; path = app.macchiato.Macchiato.PowerHelper; sourceTree = BUILT_PRODUCTS_DIR; };
/* End PBXFileReference section */

/* Begin PBXFrameworksBuildPhase section */
		10A000020000000000000001 /* Frameworks */ = {
			isa = PBXFrameworksBuildPhase;
			buildActionMask = 2147483647;
			files = (
			);
			runOnlyForDeploymentPostprocessing = 0;
		};
		20A000020000000000000001 /* Frameworks */ = {
			isa = PBXFrameworksBuildPhase;
			buildActionMask = 2147483647;
			files = (
			);
			runOnlyForDeploymentPostprocessing = 0;
		};
/* End PBXFrameworksBuildPhase section */

/* Begin PBXGroup section */
		10A000030000000000000001 = {
			isa = PBXGroup;
			children = (
				10A000030000000000000002 /* Macchiato */,
				20A000030000000000000001 /* MacchiatoHelper */,
				20A000030000000000000002 /* MacchiatoShared */,
				10A000030000000000000003 /* Products */,
			);
			sourceTree = "<group>";
		};
		10A000030000000000000002 /* Macchiato */ = {
			isa = PBXGroup;
			children = (
				10A000010000000000000001 /* MacchiatoApp.swift */,
				10A000010000000000000002 /* PowerManager.swift */,
				10A000010000000000000007 /* BatteryMonitor.swift */,
				10A000010000000000000008 /* LidWatcher.swift */,
				20A000010000000000000001 /* PowerHelperClient.swift */,
				10A000010000000000000003 /* MenuView.swift */,
				10A000010000000000000005 /* Assets.xcassets */,
				10A000010000000000000004 /* Info.plist */,
			);
			path = Macchiato;
			sourceTree = "<group>";
		};
		20A000030000000000000001 /* MacchiatoHelper */ = {
			isa = PBXGroup;
			children = (
				20A000010000000000000003 /* PowerHelper.swift */,
				20A000010000000000000004 /* app.macchiato.Macchiato.PowerHelper.plist */,
			);
			path = MacchiatoHelper;
			sourceTree = "<group>";
		};
		20A000030000000000000002 /* MacchiatoShared */ = {
			isa = PBXGroup;
			children = (
				20A000010000000000000002 /* PowerHelperProtocol.swift */,
			);
			path = MacchiatoShared;
			sourceTree = "<group>";
		};
		10A000030000000000000003 /* Products */ = {
			isa = PBXGroup;
			children = (
				10A000010000000000000006 /* Macchiato.app */,
				20A000010000000000000005 /* app.macchiato.Macchiato.PowerHelper */,
			);
			name = Products;
			sourceTree = "<group>";
		};
/* End PBXGroup section */

/* Begin PBXNativeTarget section */
		10A000040000000000000001 /* Macchiato */ = {
			isa = PBXNativeTarget;
			buildConfigurationList = 10A000080000000000000002 /* Build configuration list for PBXNativeTarget "Macchiato" */;
			buildPhases = (
				10A000060000000000000001 /* Sources */,
				10A000020000000000000001 /* Frameworks */,
				10A000070000000000000001 /* Resources */,
				20A0000D0000000000000001 /* Embed Power Helper */,
			);
			buildRules = (
			);
			dependencies = (
				20A0000B0000000000000001 /* PBXTargetDependency */,
			);
			name = Macchiato;
			productName = Macchiato;
			productReference = 10A000010000000000000006 /* Macchiato.app */;
			productType = "com.apple.product-type.application";
		};
		20A000040000000000000001 /* Macchiato Power Helper */ = {
			isa = PBXNativeTarget;
			buildConfigurationList = 20A000080000000000000001 /* Build configuration list for PBXNativeTarget "Macchiato Power Helper" */;
			buildPhases = (
				20A000060000000000000001 /* Sources */,
				20A000020000000000000001 /* Frameworks */,
			);
			buildRules = (
			);
			dependencies = (
			);
			name = "Macchiato Power Helper";
			productName = app.macchiato.Macchiato.PowerHelper;
			productReference = 20A000010000000000000005 /* app.macchiato.Macchiato.PowerHelper */;
			productType = "com.apple.product-type.tool";
		};
/* End PBXNativeTarget section */

/* Begin PBXProject section */
		10A000050000000000000001 /* Project object */ = {
			isa = PBXProject;
			attributes = {
				BuildIndependentTargetsInParallel = 1;
				LastSwiftUpdateCheck = 1620;
				LastUpgradeCheck = 1620;
				TargetAttributes = {
					10A000040000000000000001 = {
						CreatedOnToolsVersion = 16.2;
					};
					20A000040000000000000001 = {
						CreatedOnToolsVersion = 16.2;
					};
				};
			};
			buildConfigurationList = 10A000080000000000000001 /* Build configuration list for PBXProject "Macchiato" */;
			compatibilityVersion = "Xcode 14.0";
			developmentRegion = en;
			hasScannedForEncodings = 0;
			knownRegions = (
				en,
				Base,
			);
			mainGroup = 10A000030000000000000001;
			productRefGroup = 10A000030000000000000003 /* Products */;
			projectDirPath = "";
			projectRoot = "";
			targets = (
				10A000040000000000000001 /* Macchiato */,
				20A000040000000000000001 /* Macchiato Power Helper */,
			);
		};
/* End PBXProject section */

/* Begin PBXResourcesBuildPhase section */
		10A000070000000000000001 /* Resources */ = {
			isa = PBXResourcesBuildPhase;
			buildActionMask = 2147483647;
			files = (
				10A0000A0000000000000004 /* Assets.xcassets in Resources */,
			);
			runOnlyForDeploymentPostprocessing = 0;
		};
/* End PBXResourcesBuildPhase section */

/* Begin PBXShellScriptBuildPhase section */
		20A0000D0000000000000001 /* Embed Power Helper */ = {
			isa = PBXShellScriptBuildPhase;
			alwaysOutOfDate = 1;
			buildActionMask = 2147483647;
			files = (
			);
			inputFileListPaths = (
			);
			inputPaths = (
				"$(BUILT_PRODUCTS_DIR)/app.macchiato.Macchiato.PowerHelper",
				"$(SRCROOT)/MacchiatoHelper/app.macchiato.Macchiato.PowerHelper.plist",
			);
			name = "Embed Power Helper";
			outputFileListPaths = (
			);
			outputPaths = (
				"$(TARGET_BUILD_DIR)/$(CONTENTS_FOLDER_PATH)/MacOS/app.macchiato.Macchiato.PowerHelper",
				"$(TARGET_BUILD_DIR)/$(CONTENTS_FOLDER_PATH)/Library/LaunchDaemons/app.macchiato.Macchiato.PowerHelper.plist",
			);
			runOnlyForDeploymentPostprocessing = 0;
			shellPath = /bin/sh;
			shellScript = "set -e\nMACOS_DIR=\"$TARGET_BUILD_DIR/$CONTENTS_FOLDER_PATH/MacOS\"\nDAEMON_DIR=\"$TARGET_BUILD_DIR/$CONTENTS_FOLDER_PATH/Library/LaunchDaemons\"\nHELPER_NAME=\"app.macchiato.Macchiato.PowerHelper\"\nmkdir -p \"$MACOS_DIR\" \"$DAEMON_DIR\"\nrm -f \"$DAEMON_DIR/$HELPER_NAME\"\ncp \"$BUILT_PRODUCTS_DIR/$HELPER_NAME\" \"$MACOS_DIR/$HELPER_NAME\"\ncp \"$SRCROOT/MacchiatoHelper/$HELPER_NAME.plist\" \"$DAEMON_DIR/$HELPER_NAME.plist\"\n";
		};
/* End PBXShellScriptBuildPhase section */

/* Begin PBXSourcesBuildPhase section */
		10A000060000000000000001 /* Sources */ = {
			isa = PBXSourcesBuildPhase;
			buildActionMask = 2147483647;
			files = (
				10A0000A0000000000000001 /* MacchiatoApp.swift in Sources */,
				10A0000A0000000000000002 /* PowerManager.swift in Sources */,
				10A0000A0000000000000007 /* BatteryMonitor.swift in Sources */,
				10A0000A0000000000000008 /* LidWatcher.swift in Sources */,
				20A0000A0000000000000001 /* PowerHelperClient.swift in Sources */,
				20A0000A0000000000000002 /* PowerHelperProtocol.swift in Sources */,
				10A0000A0000000000000003 /* MenuView.swift in Sources */,
			);
			runOnlyForDeploymentPostprocessing = 0;
		};
		20A000060000000000000001 /* Sources */ = {
			isa = PBXSourcesBuildPhase;
			buildActionMask = 2147483647;
			files = (
				20A0000A0000000000000003 /* PowerHelper.swift in Sources */,
				20A0000A0000000000000004 /* PowerHelperProtocol.swift in Sources */,
			);
			runOnlyForDeploymentPostprocessing = 0;
		};
/* End PBXSourcesBuildPhase section */

/* Begin PBXTargetDependency section */
		20A0000B0000000000000001 /* PBXTargetDependency */ = {
			isa = PBXTargetDependency;
			target = 20A000040000000000000001 /* Macchiato Power Helper */;
			targetProxy = 20A0000C0000000000000001 /* PBXContainerItemProxy */;
		};
/* End PBXTargetDependency section */

/* Begin XCBuildConfiguration section */
		10A000090000000000000001 /* Debug */ = {
			isa = XCBuildConfiguration;
			buildSettings = {
				ALWAYS_SEARCH_USER_PATHS = NO;
				CLANG_ANALYZER_NONNULL = YES;
				CLANG_ANALYZER_NUMBER_OBJECT_CONVERSION = YES_AGGRESSIVE;
				CLANG_CXX_LANGUAGE_STANDARD = "gnu++20";
				CLANG_ENABLE_MODULES = YES;
				CLANG_ENABLE_OBJC_ARC = YES;
				CLANG_ENABLE_OBJC_WEAK = YES;
				CLANG_WARN_BLOCK_CAPTURE_AUTORELEASING = YES;
				CLANG_WARN_BOOL_CONVERSION = YES;
				CLANG_WARN_COMMA = YES;
				CLANG_WARN_CONSTANT_CONVERSION = YES;
				CLANG_WARN_DEPRECATED_OBJC_IMPLEMENTATIONS = YES;
				CLANG_WARN_DIRECT_OBJC_ISA_USAGE = YES_ERROR;
				CLANG_WARN_DOCUMENTATION_COMMENTS = YES;
				CLANG_WARN_EMPTY_BODY = YES;
				CLANG_WARN_ENUM_CONVERSION = YES;
				CLANG_WARN_INFINITE_RECURSION = YES;
				CLANG_WARN_INT_CONVERSION = YES;
				CLANG_WARN_NON_LITERAL_NULL_CONVERSION = YES;
				CLANG_WARN_OBJC_IMPLICIT_RETAIN_SELF = YES;
				CLANG_WARN_OBJC_LITERAL_CONVERSION = YES;
				CLANG_WARN_OBJC_ROOT_CLASS = YES_ERROR;
				CLANG_WARN_QUOTED_INCLUDE_IN_FRAMEWORK_HEADER = YES;
				CLANG_WARN_RANGE_LOOP_ANALYSIS = YES;
				CLANG_WARN_STRICT_PROTOTYPES = YES;
				CLANG_WARN_SUSPICIOUS_MOVE = YES;
				CLANG_WARN_UNGUARDED_AVAILABILITY = YES_AGGRESSIVE;
				CLANG_WARN_UNREACHABLE_CODE = YES;
				CLANG_WARN__DUPLICATE_METHOD_MATCH = YES;
				COPY_PHASE_STRIP = NO;
				DEBUG_INFORMATION_FORMAT = dwarf;
				ENABLE_STRICT_OBJC_MSGSEND = YES;
				ENABLE_TESTABILITY = YES;
				ENABLE_USER_SCRIPT_SANDBOXING = YES;
				GCC_C_LANGUAGE_STANDARD = gnu17;
				GCC_DYNAMIC_NO_PIC = NO;
				GCC_NO_COMMON_BLOCKS = YES;
				GCC_OPTIMIZATION_LEVEL = 0;
				GCC_PREPROCESSOR_DEFINITIONS = (
					"DEBUG=1",
					"$(inherited)",
				);
				GCC_WARN_64_TO_32_BIT_CONVERSION = YES;
				GCC_WARN_ABOUT_RETURN_TYPE = YES_ERROR;
				GCC_WARN_UNDECLARED_SELECTOR = YES;
				GCC_WARN_UNINITIALIZED_AUTOS = YES_AGGRESSIVE;
				GCC_WARN_UNUSED_FUNCTION = YES;
				GCC_WARN_UNUSED_VARIABLE = YES;
				MACOSX_DEPLOYMENT_TARGET = 14.0;
				MTL_ENABLE_DEBUG_INFO = INCLUDE_SOURCE;
				MTL_FAST_MATH = YES;
				ONLY_ACTIVE_ARCH = YES;
				SDKROOT = macosx;
				SWIFT_ACTIVE_COMPILATION_CONDITIONS = "DEBUG $(inherited)";
				SWIFT_EMIT_LOC_STRINGS = YES;
				SWIFT_OPTIMIZATION_LEVEL = "-Onone";
			};
			name = Debug;
		};
		10A000090000000000000002 /* Release */ = {
			isa = XCBuildConfiguration;
			buildSettings = {
				ALWAYS_SEARCH_USER_PATHS = NO;
				CLANG_ANALYZER_NONNULL = YES;
				CLANG_ANALYZER_NUMBER_OBJECT_CONVERSION = YES_AGGRESSIVE;
				CLANG_CXX_LANGUAGE_STANDARD = "gnu++20";
				CLANG_ENABLE_MODULES = YES;
				CLANG_ENABLE_OBJC_ARC = YES;
				CLANG_ENABLE_OBJC_WEAK = YES;
				CLANG_WARN_BLOCK_CAPTURE_AUTORELEASING = YES;
				CLANG_WARN_BOOL_CONVERSION = YES;
				CLANG_WARN_COMMA = YES;
				CLANG_WARN_CONSTANT_CONVERSION = YES;
				CLANG_WARN_DEPRECATED_OBJC_IMPLEMENTATIONS = YES;
				CLANG_WARN_DIRECT_OBJC_ISA_USAGE = YES_ERROR;
				CLANG_WARN_DOCUMENTATION_COMMENTS = YES;
				CLANG_WARN_EMPTY_BODY = YES;
				CLANG_WARN_ENUM_CONVERSION = YES;
				CLANG_WARN_INFINITE_RECURSION = YES;
				CLANG_WARN_INT_CONVERSION = YES;
				CLANG_WARN_NON_LITERAL_NULL_CONVERSION = YES;
				CLANG_WARN_OBJC_IMPLICIT_RETAIN_SELF = YES;
				CLANG_WARN_OBJC_LITERAL_CONVERSION = YES;
				CLANG_WARN_OBJC_ROOT_CLASS = YES_ERROR;
				CLANG_WARN_QUOTED_INCLUDE_IN_FRAMEWORK_HEADER = YES;
				CLANG_WARN_RANGE_LOOP_ANALYSIS = YES;
				CLANG_WARN_STRICT_PROTOTYPES = YES;
				CLANG_WARN_SUSPICIOUS_MOVE = YES;
				CLANG_WARN_UNGUARDED_AVAILABILITY = YES_AGGRESSIVE;
				CLANG_WARN_UNREACHABLE_CODE = YES;
				CLANG_WARN__DUPLICATE_METHOD_MATCH = YES;
				COPY_PHASE_STRIP = NO;
				DEBUG_INFORMATION_FORMAT = "dwarf-with-dsym";
				ENABLE_NS_ASSERTIONS = NO;
				ENABLE_STRICT_OBJC_MSGSEND = YES;
				ENABLE_USER_SCRIPT_SANDBOXING = YES;
				GCC_C_LANGUAGE_STANDARD = gnu17;
				GCC_NO_COMMON_BLOCKS = YES;
				GCC_WARN_64_TO_32_BIT_CONVERSION = YES;
				GCC_WARN_ABOUT_RETURN_TYPE = YES_ERROR;
				GCC_WARN_UNDECLARED_SELECTOR = YES;
				GCC_WARN_UNINITIALIZED_AUTOS = YES_AGGRESSIVE;
				GCC_WARN_UNUSED_FUNCTION = YES;
				GCC_WARN_UNUSED_VARIABLE = YES;
				MACOSX_DEPLOYMENT_TARGET = 14.0;
				MTL_ENABLE_DEBUG_INFO = NO;
				MTL_FAST_MATH = YES;
				SDKROOT = macosx;
				SWIFT_COMPILATION_MODE = wholemodule;
				SWIFT_EMIT_LOC_STRINGS = YES;
				SWIFT_OPTIMIZATION_LEVEL = "-O";
				VALIDATE_PRODUCT = YES;
			};
			name = Release;
		};
		10A000090000000000000003 /* Debug */ = {
			isa = XCBuildConfiguration;
			buildSettings = {
				ASSETCATALOG_COMPILER_APPICON_NAME = AppIcon;
				CODE_SIGN_STYLE = Automatic;
				COMBINE_HIDPI_IMAGES = YES;
				CURRENT_PROJECT_VERSION = 1;
				DEVELOPMENT_TEAM = "";
				ENABLE_HARDENED_RUNTIME = YES;
				ENABLE_PREVIEWS = YES;
				GENERATE_INFOPLIST_FILE = NO;
				INFOPLIST_FILE = Macchiato/Info.plist;
				LD_RUNPATH_SEARCH_PATHS = (
					"$(inherited)",
					"@executable_path/../Frameworks",
				);
				MARKETING_VERSION = 1.0;
				PRODUCT_BUNDLE_IDENTIFIER = app.macchiato.Macchiato;
				PRODUCT_NAME = "$(TARGET_NAME)";
				REGISTER_APP_GROUPS = NO;
				SWIFT_VERSION = 5.0;
			};
			name = Debug;
		};
		10A000090000000000000004 /* Release */ = {
			isa = XCBuildConfiguration;
			buildSettings = {
				ASSETCATALOG_COMPILER_APPICON_NAME = AppIcon;
				CODE_SIGN_INJECT_BASE_ENTITLEMENTS = NO;
				CODE_SIGN_STYLE = Automatic;
				COMBINE_HIDPI_IMAGES = YES;
				COPY_PHASE_STRIP = YES;
				CURRENT_PROJECT_VERSION = 1;
				DEVELOPMENT_TEAM = "";
				ENABLE_HARDENED_RUNTIME = NO;
				GENERATE_INFOPLIST_FILE = NO;
				INFOPLIST_FILE = Macchiato/Info.plist;
				LD_RUNPATH_SEARCH_PATHS = (
					"$(inherited)",
					"@executable_path/../Frameworks",
				);
				MARKETING_VERSION = 1.0;
				PRODUCT_BUNDLE_IDENTIFIER = app.macchiato.Macchiato;
				PRODUCT_NAME = "$(TARGET_NAME)";
				REGISTER_APP_GROUPS = NO;
				SWIFT_VERSION = 5.0;
			};
			name = Release;
		};
		20A000090000000000000001 /* Debug */ = {
			isa = XCBuildConfiguration;
			buildSettings = {
				CODE_SIGN_STYLE = Automatic;
				CREATE_INFOPLIST_SECTION_IN_BINARY = YES;
				CURRENT_PROJECT_VERSION = 1;
				DEVELOPMENT_TEAM = "";
				ENABLE_HARDENED_RUNTIME = YES;
				GENERATE_INFOPLIST_FILE = YES;
				INFOPLIST_KEY_CFBundleDisplayName = "Macchiato Power Helper";
				MARKETING_VERSION = 1.0;
				PRODUCT_BUNDLE_IDENTIFIER = app.macchiato.Macchiato.PowerHelper;
				PRODUCT_NAME = app.macchiato.Macchiato.PowerHelper;
				SKIP_INSTALL = YES;
				SWIFT_VERSION = 5.0;
			};
			name = Debug;
		};
		20A000090000000000000002 /* Release */ = {
			isa = XCBuildConfiguration;
			buildSettings = {
				CODE_SIGN_STYLE = Automatic;
				CODE_SIGN_INJECT_BASE_ENTITLEMENTS = NO;
				COPY_PHASE_STRIP = YES;
				CREATE_INFOPLIST_SECTION_IN_BINARY = YES;
				CURRENT_PROJECT_VERSION = 1;
				DEVELOPMENT_TEAM = "";
				ENABLE_HARDENED_RUNTIME = NO;
				GENERATE_INFOPLIST_FILE = YES;
				INFOPLIST_KEY_CFBundleDisplayName = "Macchiato Power Helper";
				MARKETING_VERSION = 1.0;
				PRODUCT_BUNDLE_IDENTIFIER = app.macchiato.Macchiato.PowerHelper;
				PRODUCT_NAME = app.macchiato.Macchiato.PowerHelper;
				SKIP_INSTALL = YES;
				SWIFT_VERSION = 5.0;
			};
			name = Release;
		};
/* End XCBuildConfiguration section */

/* Begin XCConfigurationList section */
		10A000080000000000000001 /* Build configuration list for PBXProject "Macchiato" */ = {
			isa = XCConfigurationList;
			buildConfigurations = (
				10A000090000000000000001 /* Debug */,
				10A000090000000000000002 /* Release */,
			);
			defaultConfigurationIsVisible = 0;
			defaultConfigurationName = Release;
		};
		10A000080000000000000002 /* Build configuration list for PBXNativeTarget "Macchiato" */ = {
			isa = XCConfigurationList;
			buildConfigurations = (
				10A000090000000000000003 /* Debug */,
				10A000090000000000000004 /* Release */,
			);
			defaultConfigurationIsVisible = 0;
			defaultConfigurationName = Release;
		};
		20A000080000000000000001 /* Build configuration list for PBXNativeTarget "Macchiato Power Helper" */ = {
			isa = XCConfigurationList;
			buildConfigurations = (
				20A000090000000000000001 /* Debug */,
				20A000090000000000000002 /* Release */,
			);
			defaultConfigurationIsVisible = 0;
			defaultConfigurationName = Release;
		};
/* End XCConfigurationList section */
	};
	rootObject = 10A000050000000000000001 /* Project object */;
}
